<?xml version="1.0" encoding="utf-8"?>
<Project ToolsVersion="4.0" xmlns="http://schemas.microsoft.com/developer/msbuild/2003">
  <ItemGroup>
    <ClCompile Include="fileSystemImpl.cpp" />
    <ClCompile Include="portable_serialization\portable_binary_iarchive.cpp">
      <Filter>portable_serialization</Filter>
    </ClCompile>
    <ClCompile Include="portable_serialization\portable_binary_oarchive.cpp">
      <Filter>portable_serialization</Filter>
    </ClCompile>
    <ClCompile Include="FileSystemHeader.cpp">
      <Filter>filesystemparts</Filter>
    </ClCompile>
    <ClCompile Include="FileDescriptor.cpp" />
  </ItemGroup>
  <ItemGroup>
    <ClInclude Include="fileSystemImpl.h" />
    <ClInclude Include="portable_serialization\portable_binary_archive.hpp">
      <Filter>portable_serialization</Filter>
    </ClInclude>
    <ClInclude Include="portable_serialization\portable_binary_iarchive.hpp">
      <Filter>portable_serialization</Filter>
    </ClInclude>
    <ClInclude Include="portable_serialization\portable_binary_oarchive.hpp">
      <Filter>portable_serialization</Filter>
    </ClInclude>
    <ClInclude Include="groupDescriptor.h">
      <Filter>filesystemparts</Filter>
    </ClInclude>
    <ClInclude Include="FileDescriptor.h">
      <Filter>interfaces</Filter>
    </ClInclude>
    <ClInclude Include="IBaseFileSystem.h">
      <Filter>interfaces</Filter>
    </ClInclude>
    <ClInclude Include="FileSystemHeader.h">
      <Filter>filesystemparts</Filter>
    </ClInclude>
    <ClInclude Include="fsserialization.h">
      <Filter>filesystemparts</Filter>
    </ClInclude>
    <ClInclude Include="fstypes.h">
      <Filter>filesystemparts</Filter>
    </ClInclude>
    <ClInclude Include="EntryData.h">
      <Filter>filesystemparts</Filter>
    </ClInclude>
    <ClInclude Include="InfoDescriptor.h">
      <Filter>filesystemparts</Filter>
    </ClInclude>
    <ClInclude Include="EntryBlocks.h">
      <Filter>filesystemparts</Filter>
    </ClInclude>
  </ItemGroup>
  <ItemGroup>
    <Filter Include="portable_serialization">
      <UniqueIdentifier>{5ac05ead-6ed9-428a-af54-8bdcd49a5d94}</UniqueIdentifier>
    </Filter>
    <Filter Include="filesystemparts">
      <UniqueIdentifier>{25dc1a0f-34c2-44fb-9ddb-e94faed578ad}</UniqueIdentifier>
    </Filter>
    <Filter Include="interfaces">
      <UniqueIdentifier>{d0c18f2b-d0f4-4bc8-905c-e8dff42d04b1}</UniqueIdentifier>
    </Filter>
  </ItemGroup>
</Project>