<?xml version="1.0" encoding="utf-8"?>
<Project ToolsVersion="4.0" xmlns="http://schemas.microsoft.com/developer/msbuild/2003">
  <ItemGroup>
    <ClCompile Include="blocksbitmap.cpp" />
    <ClCompile Include="fileSystemImpl.cpp" />
    <ClCompile Include="groupDescriptor.cpp" />
    <ClCompile Include="infoDescriptor.cpp" />
    <ClCompile Include="supernode.cpp" />
    <ClCompile Include="portable_serialization\portable_binary_iarchive.cpp">
      <Filter>portable_serialization</Filter>
    </ClCompile>
    <ClCompile Include="portable_serialization\portable_binary_oarchive.cpp">
      <Filter>portable_serialization</Filter>
    </ClCompile>
  </ItemGroup>
  <ItemGroup>
    <ClInclude Include="blocksbitmap.h" />
    <ClInclude Include="FileDescriptor.h" />
    <ClInclude Include="fileSystemImpl.h" />
    <ClInclude Include="groupDescriptor.h" />
    <ClInclude Include="IBaseFileSystem.h" />
    <ClInclude Include="infoDescriptor.h" />
    <ClInclude Include="supernode.h" />
    <ClInclude Include="portable_serialization\portable_binary_archive.hpp">
      <Filter>portable_serialization</Filter>
    </ClInclude>
    <ClInclude Include="portable_serialization\portable_binary_iarchive.hpp">
      <Filter>portable_serialization</Filter>
    </ClInclude>
    <ClInclude Include="portable_serialization\portable_binary_oarchive.hpp">
      <Filter>portable_serialization</Filter>
    </ClInclude>
  </ItemGroup>
  <ItemGroup>
    <Filter Include="portable_serialization">
      <UniqueIdentifier>{5ac05ead-6ed9-428a-af54-8bdcd49a5d94}</UniqueIdentifier>
    </Filter>
  </ItemGroup>
</Project>